
Microsoft Visual Studio Solution File, Format Version 12.00
# Visual Studio Version 16
VisualStudioVersion = 16.0.31702.278
MinimumVisualStudioVersion = 10.0.40219.1
Project("{9A19103F-16F7-4668-BE54-9A1E7A4F7556}") = "Entities", "Entities\Entities.csproj", "{0AD764E2-490C-46C1-9D88-3171C408212A}"
EndProject
Project("{9A19103F-16F7-4668-BE54-9A1E7A4F7556}") = "DataAccess", "DataAccess\DataAccess.csproj", "{51B37F75-C8DB-4BCA-A689-C45B0EF47BFA}"
EndProject
Project("{9A19103F-16F7-4668-BE54-9A1E7A4F7556}") = "Business", "Business\Business.csproj", "{78F79A8C-84AD-4D3B-9673-9975D80E3267}"
EndProject
Project("{9A19103F-16F7-4668-BE54-9A1E7A4F7556}") = "ConsoleUI", "ConsoleUI\ConsoleUI.csproj", "{21318834-2667-4A63-B6FE-64B548A5604E}"
EndProject
Project("{9A19103F-16F7-4668-BE54-9A1E7A4F7556}") = "Core", "Core\Core.csproj", "{73DFCF0E-6813-4EF0-A4AE-94A8B57E48A5}"
EndProject
Project("{FAE04EC0-301F-11D3-BF4B-00C04F79EFBC}") = "WebAPI", "WebAPI\WebAPI.csproj", "{3D488E94-F85C-44FD-AB18-D3C2394CBD59}"
EndProject
Global
	GlobalSection(SolutionConfigurationPlatforms) = preSolution
		Debug|Any CPU = Debug|Any CPU
		Release|Any CPU = Release|Any CPU
	EndGlobalSection
	GlobalSection(ProjectConfigurationPlatforms) = postSolution
		{0AD764E2-490C-46C1-9D88-3171C408212A}.Debug|Any CPU.ActiveCfg = Debug|Any CPU
		{0AD764E2-490C-46C1-9D88-3171C408212A}.Debug|Any CPU.Build.0 = Debug|Any CPU
		{0AD764E2-490C-46C1-9D88-3171C408212A}.Release|Any CPU.ActiveCfg = Release|Any CPU
		{0AD764E2-490C-46C1-9D88-3171C408212A}.Release|Any CPU.Build.0 = Release|Any CPU
		{51B37F75-C8DB-4BCA-A689-C45B0EF47BFA}.Debug|Any CPU.ActiveCfg = Debug|Any CPU
		{51B37F75-C8DB-4BCA-A689-C45B0EF47BFA}.Debug|Any CPU.Build.0 = Debug|Any CPU
		{51B37F75-C8DB-4BCA-A689-C45B0EF47BFA}.Release|Any CPU.ActiveCfg = Release|Any CPU
		{51B37F75-C8DB-4BCA-A689-C45B0EF47BFA}.Release|Any CPU.Build.0 = Release|Any CPU
		{78F79A8C-84AD-4D3B-9673-9975D80E3267}.Debug|Any CPU.ActiveCfg = Debug|Any CPU
		{78F79A8C-84AD-4D3B-9673-9975D80E3267}.Debug|Any CPU.Build.0 = Debug|Any CPU
		{78F79A8C-84AD-4D3B-9673-9975D80E3267}.Release|Any CPU.ActiveCfg = Release|Any CPU
		{78F79A8C-84AD-4D3B-9673-9975D80E3267}.Release|Any CPU.Build.0 = Release|Any CPU
		{21318834-2667-4A63-B6FE-64B548A5604E}.Debug|Any CPU.ActiveCfg = Debug|Any CPU
		{21318834-2667-4A63-B6FE-64B548A5604E}.Debug|Any CPU.Build.0 = Debug|Any CPU
		{21318834-2667-4A63-B6FE-64B548A5604E}.Release|Any CPU.ActiveCfg = Release|Any CPU
		{21318834-2667-4A63-B6FE-64B548A5604E}.Release|Any CPU.Build.0 = Release|Any CPU
		{73DFCF0E-6813-4EF0-A4AE-94A8B57E48A5}.Debug|Any CPU.ActiveCfg = Debug|Any CPU
		{73DFCF0E-6813-4EF0-A4AE-94A8B57E48A5}.Debug|Any CPU.Build.0 = Debug|Any CPU
		{73DFCF0E-6813-4EF0-A4AE-94A8B57E48A5}.Release|Any CPU.ActiveCfg = Release|Any CPU
		{73DFCF0E-6813-4EF0-A4AE-94A8B57E48A5}.Release|Any CPU.Build.0 = Release|Any CPU
		{3D488E94-F85C-44FD-AB18-D3C2394CBD59}.Debug|Any CPU.ActiveCfg = Debug|Any CPU
		{3D488E94-F85C-44FD-AB18-D3C2394CBD59}.Debug|Any CPU.Build.0 = Debug|Any CPU
		{3D488E94-F85C-44FD-AB18-D3C2394CBD59}.Release|Any CPU.ActiveCfg = Release|Any CPU
		{3D488E94-F85C-44FD-AB18-D3C2394CBD59}.Release|Any CPU.Build.0 = Release|Any CPU
	EndGlobalSection
	GlobalSection(SolutionProperties) = preSolution
		HideSolutionNode = FALSE
	EndGlobalSection
	GlobalSection(ExtensibilityGlobals) = postSolution
		SolutionGuid = {51A4B0E8-C2D3-4050-849F-0104210E2463}
	EndGlobalSection
EndGlobal
